// !$*UTF8*$!
{
	archiveVersion = 1;
	classes = {
	};
	objectVersion = 46;
	objects = {

/* Begin PBXBuildFile section */
		8D7B58C914624A5300D2AD9F /* UIKit.framework in Frameworks */ = {isa = PBXBuildFile; fileRef = 8D7B58C814624A5300D2AD9F /* UIKit.framework */; };
		8D7B58CB14624A5300D2AD9F /* Foundation.framework in Frameworks */ = {isa = PBXBuildFile; fileRef = 8D7B58CA14624A5300D2AD9F /* Foundation.framework */; };
		8D7B58CD14624A5300D2AD9F /* CoreGraphics.framework in Frameworks */ = {isa = PBXBuildFile; fileRef = 8D7B58CC14624A5300D2AD9F /* CoreGraphics.framework */; };
		8D7B58D314624A5300D2AD9F /* InfoPlist.strings in Resources */ = {isa = PBXBuildFile; fileRef = 8D7B58D114624A5300D2AD9F /* InfoPlist.strings */; };
		8D7B58D514624A5300D2AD9F /* main.m in Sources */ = {isa = PBXBuildFile; fileRef = 8D7B58D414624A5300D2AD9F /* main.m */; };
		8D7B58D914624A5300D2AD9F /* AppDelegate.m in Sources */ = {isa = PBXBuildFile; fileRef = 8D7B58D814624A5300D2AD9F /* AppDelegate.m */; };
		8D7B58DC14624A5400D2AD9F /* MainStoryboard_iPhone.storyboard in Resources */ = {isa = PBXBuildFile; fileRef = 8D7B58DA14624A5400D2AD9F /* MainStoryboard_iPhone.storyboard */; };
		8D7B58DF14624A5400D2AD9F /* MainStoryboard_iPad.storyboard in Resources */ = {isa = PBXBuildFile; fileRef = 8D7B58DD14624A5400D2AD9F /* MainStoryboard_iPad.storyboard */; };
		8D7B58E214624A5400D2AD9F /* ViewController.m in Sources */ = {isa = PBXBuildFile; fileRef = 8D7B58E114624A5400D2AD9F /* ViewController.m */; };
		8D7B58EA14624A5400D2AD9F /* SenTestingKit.framework in Frameworks */ = {isa = PBXBuildFile; fileRef = 8D7B58E914624A5400D2AD9F /* SenTestingKit.framework */; };
		8D7B58EB14624A5400D2AD9F /* UIKit.framework in Frameworks */ = {isa = PBXBuildFile; fileRef = 8D7B58C814624A5300D2AD9F /* UIKit.framework */; };
		8D7B58EC14624A5400D2AD9F /* Foundation.framework in Frameworks */ = {isa = PBXBuildFile; fileRef = 8D7B58CA14624A5300D2AD9F /* Foundation.framework */; };
		8D7B58F414624A5400D2AD9F /* InfoPlist.strings in Resources */ = {isa = PBXBuildFile; fileRef = 8D7B58F214624A5400D2AD9F /* InfoPlist.strings */; };
		8D7B58F714624A5400D2AD9F /* Hello_WorldTests.m in Sources */ = {isa = PBXBuildFile; fileRef = 8D7B58F614624A5400D2AD9F /* Hello_WorldTests.m */; };
/* End PBXBuildFile section */

/* Begin PBXContainerItemProxy section */
		8D7B58ED14624A5400D2AD9F /* PBXContainerItemProxy */ = {
			isa = PBXContainerItemProxy;
			containerPortal = 8D7B58BB14624A5300D2AD9F /* Project object */;
			proxyType = 1;
			remoteGlobalIDString = 8D7B58C314624A5300D2AD9F;
			remoteInfo = "Hello World";
		};
/* End PBXContainerItemProxy section */

/* Begin PBXFileReference section */
		8D7B58C414624A5300D2AD9F /* Hello World.app */ = {isa = PBXFileReference; explicitFileType = wrapper.application; includeInIndex = 0; path = "Hello World.app"; sourceTree = BUILT_PRODUCTS_DIR; };
		8D7B58C814624A5300D2AD9F /* UIKit.framework */ = {isa = PBXFileReference; lastKnownFileType = wrapper.framework; name = UIKit.framework; path = System/Library/Frameworks/UIKit.framework; sourceTree = SDKROOT; };
		8D7B58CA14624A5300D2AD9F /* Foundation.framework */ = {isa = PBXFileReference; lastKnownFileType = wrapper.framework; name = Foundation.framework; path = System/Library/Frameworks/Foundation.framework; sourceTree = SDKROOT; };
		8D7B58CC14624A5300D2AD9F /* CoreGraphics.framework */ = {isa = PBXFileReference; lastKnownFileType = wrapper.framework; name = CoreGraphics.framework; path = System/Library/Frameworks/CoreGraphics.framework; sourceTree = SDKROOT; };
		8D7B58D014624A5300D2AD9F /* Hello World-Info.plist */ = {isa = PBXFileReference; lastKnownFileType = text.plist.xml; path = "Hello World-Info.plist"; sourceTree = "<group>"; };
		8D7B58D214624A5300D2AD9F /* en */ = {isa = PBXFileReference; lastKnownFileType = text.plist.strings; name = en; path = en.lproj/InfoPlist.strings; sourceTree = "<group>"; };
		8D7B58D414624A5300D2AD9F /* main.m */ = {isa = PBXFileReference; lastKnownFileType = sourcecode.c.objc; path = main.m; sourceTree = "<group>"; };
		8D7B58D614624A5300D2AD9F /* Hello World-Prefix.pch */ = {isa = PBXFileReference; lastKnownFileType = sourcecode.c.h; path = "Hello World-Prefix.pch"; sourceTree = "<group>"; };
		8D7B58D714624A5300D2AD9F /* AppDelegate.h */ = {isa = PBXFileReference; lastKnownFileType = sourcecode.c.h; path = AppDelegate.h; sourceTree = "<group>"; };
		8D7B58D814624A5300D2AD9F /* AppDelegate.m */ = {isa = PBXFileReference; lastKnownFileType = sourcecode.c.objc; path = AppDelegate.m; sourceTree = "<group>"; };
		8D7B58DB14624A5400D2AD9F /* en */ = {isa = PBXFileReference; lastKnownFileType = file.storyboard; name = en; path = en.lproj/MainStoryboard_iPhone.storyboard; sourceTree = "<group>"; };
		8D7B58DE14624A5400D2AD9F /* en */ = {isa = PBXFileReference; lastKnownFileType = file.storyboard; name = en; path = en.lproj/MainStoryboard_iPad.storyboard; sourceTree = "<group>"; };
		8D7B58E014624A5400D2AD9F /* ViewController.h */ = {isa = PBXFileReference; lastKnownFileType = sourcecode.c.h; path = ViewController.h; sourceTree = "<group>"; };
		8D7B58E114624A5400D2AD9F /* ViewController.m */ = {isa = PBXFileReference; lastKnownFileType = sourcecode.c.objc; path = ViewController.m; sourceTree = "<group>"; };
		8D7B58E814624A5400D2AD9F /* Hello WorldTests.octest */ = {isa = PBXFileReference; explicitFileType = wrapper.cfbundle; includeInIndex = 0; path = "Hello WorldTests.octest"; sourceTree = BUILT_PRODUCTS_DIR; };
		8D7B58E914624A5400D2AD9F /* SenTestingKit.framework */ = {isa = PBXFileReference; lastKnownFileType = wrapper.framework; name = SenTestingKit.framework; path = Library/Frameworks/SenTestingKit.framework; sourceTree = DEVELOPER_DIR; };
		8D7B58F114624A5400D2AD9F /* Hello WorldTests-Info.plist */ = {isa = PBXFileReference; lastKnownFileType = text.plist.xml; path = "Hello WorldTests-Info.plist"; sourceTree = "<group>"; };
		8D7B58F314624A5400D2AD9F /* en */ = {isa = PBXFileReference; lastKnownFileType = text.plist.strings; name = en; path = en.lproj/InfoPlist.strings; sourceTree = "<group>"; };
		8D7B58F514624A5400D2AD9F /* Hello_WorldTests.h */ = {isa = PBXFileReference; lastKnownFileType = sourcecode.c.h; path = Hello_WorldTests.h; sourceTree = "<group>"; };
		8D7B58F614624A5400D2AD9F /* Hello_WorldTests.m */ = {isa = PBXFileReference; lastKnownFileType = sourcecode.c.objc; path = Hello_WorldTests.m; sourceTree = "<group>"; };
/* End PBXFileReference section */

/* Begin PBXFrameworksBuildPhase section */
		8D7B58C114624A5300D2AD9F /* Frameworks */ = {
			isa = PBXFrameworksBuildPhase;
			buildActionMask = 2147483647;
			files = (
				8D7B58C914624A5300D2AD9F /* UIKit.framework in Frameworks */,
				8D7B58CB14624A5300D2AD9F /* Foundation.framework in Frameworks */,
				8D7B58CD14624A5300D2AD9F /* CoreGraphics.framework in Frameworks */,
			);
			runOnlyForDeploymentPostprocessing = 0;
		};
		8D7B58E414624A5400D2AD9F /* Frameworks */ = {
			isa = PBXFrameworksBuildPhase;
			buildActionMask = 2147483647;
			files = (
				8D7B58EA14624A5400D2AD9F /* SenTestingKit.framework in Frameworks */,
				8D7B58EB14624A5400D2AD9F /* UIKit.framework in Frameworks */,
				8D7B58EC14624A5400D2AD9F /* Foundation.framework in Frameworks */,
			);
			runOnlyForDeploymentPostprocessing = 0;
		};
/* End PBXFrameworksBuildPhase section */

/* Begin PBXGroup section */
		8D7B58B914624A5200D2AD9F = {
			isa = PBXGroup;
			children = (
				8D7B58CE14624A5300D2AD9F /* Hello World */,
				8D7B58EF14624A5400D2AD9F /* Hello WorldTests */,
				8D7B58C714624A5300D2AD9F /* Frameworks */,
				8D7B58C514624A5300D2AD9F /* Products */,
			);
			sourceTree = "<group>";
		};
		8D7B58C514624A5300D2AD9F /* Products */ = {
			isa = PBXGroup;
			children = (
				8D7B58C414624A5300D2AD9F /* Hello World.app */,
				8D7B58E814624A5400D2AD9F /* Hello WorldTests.octest */,
			);
			name = Products;
			sourceTree = "<group>";
		};
		8D7B58C714624A5300D2AD9F /* Frameworks */ = {
			isa = PBXGroup;
			children = (
				8D7B58C814624A5300D2AD9F /* UIKit.framework */,
				8D7B58CA14624A5300D2AD9F /* Foundation.framework */,
				8D7B58CC14624A5300D2AD9F /* CoreGraphics.framework */,
				8D7B58E914624A5400D2AD9F /* SenTestingKit.framework */,
			);
			name = Frameworks;
			sourceTree = "<group>";
		};
		8D7B58CE14624A5300D2AD9F /* Hello World */ = {
			isa = PBXGroup;
			children = (
				8D7B58D714624A5300D2AD9F /* AppDelegate.h */,
				8D7B58D814624A5300D2AD9F /* AppDelegate.m */,
				8D7B58DA14624A5400D2AD9F /* MainStoryboard_iPhone.storyboard */,
				8D7B58DD14624A5400D2AD9F /* MainStoryboard_iPad.storyboard */,
				8D7B58E014624A5400D2AD9F /* ViewController.h */,
				8D7B58E114624A5400D2AD9F /* ViewController.m */,
				8D7B58CF14624A5300D2AD9F /* Supporting Files */,
			);
			path = "Hello World";
			sourceTree = "<group>";
		};
		8D7B58CF14624A5300D2AD9F /* Supporting Files */ = {
			isa = PBXGroup;
			children = (
				8D7B58D014624A5300D2AD9F /* Hello World-Info.plist */,
				8D7B58D114624A5300D2AD9F /* InfoPlist.strings */,
				8D7B58D414624A5300D2AD9F /* main.m */,
				8D7B58D614624A5300D2AD9F /* Hello World-Prefix.pch */,
			);
			name = "Supporting Files";
			sourceTree = "<group>";
		};
		8D7B58EF14624A5400D2AD9F /* Hello WorldTests */ = {
			isa = PBXGroup;
			children = (
				8D7B58F514624A5400D2AD9F /* Hello_WorldTests.h */,
				8D7B58F614624A5400D2AD9F /* Hello_WorldTests.m */,
				8D7B58F014624A5400D2AD9F /* Supporting Files */,
			);
			path = "Hello WorldTests";
			sourceTree = "<group>";
		};
		8D7B58F014624A5400D2AD9F /* Supporting Files */ = {
			isa = PBXGroup;
			children = (
				8D7B58F114624A5400D2AD9F /* Hello WorldTests-Info.plist */,
				8D7B58F214624A5400D2AD9F /* InfoPlist.strings */,
			);
			name = "Supporting Files";
			sourceTree = "<group>";
		};
/* End PBXGroup section */

/* Begin PBXNativeTarget section */
		8D7B58C314624A5300D2AD9F /* Hello World */ = {
			isa = PBXNativeTarget;
			buildConfigurationList = 8D7B58FA14624A5400D2AD9F /* Build configuration list for PBXNativeTarget "Hello World" */;
			buildPhases = (
				8D7B58C014624A5300D2AD9F /* Sources */,
				8D7B58C114624A5300D2AD9F /* Frameworks */,
				8D7B58C214624A5300D2AD9F /* Resources */,
			);
			buildRules = (
			);
			dependencies = (
			);
			name = "Hello World";
			productName = "Hello World";
			productReference = 8D7B58C414624A5300D2AD9F /* Hello World.app */;
			productType = "com.apple.product-type.application";
		};
		8D7B58E714624A5400D2AD9F /* Hello WorldTests */ = {
			isa = PBXNativeTarget;
			buildConfigurationList = 8D7B58FD14624A5400D2AD9F /* Build configuration list for PBXNativeTarget "Hello WorldTests" */;
			buildPhases = (
				8D7B58E314624A5400D2AD9F /* Sources */,
				8D7B58E414624A5400D2AD9F /* Frameworks */,
				8D7B58E514624A5400D2AD9F /* Resources */,
				8D7B58E614624A5400D2AD9F /* ShellScript */,
			);
			buildRules = (
			);
			dependencies = (
				8D7B58EE14624A5400D2AD9F /* PBXTargetDependency */,
			);
			name = "Hello WorldTests";
			productName = "Hello WorldTests";
			productReference = 8D7B58E814624A5400D2AD9F /* Hello WorldTests.octest */;
			productType = "com.apple.product-type.bundle";
		};
/* End PBXNativeTarget section */

/* Begin PBXProject section */
		8D7B58BB14624A5300D2AD9F /* Project object */ = {
			isa = PBXProject;
			attributes = {
				LastUpgradeCheck = 0420;
			};
			buildConfigurationList = 8D7B58BE14624A5300D2AD9F /* Build configuration list for PBXProject "Hello World" */;
			compatibilityVersion = "Xcode 3.2";
			developmentRegion = English;
			hasScannedForEncodings = 0;
			knownRegions = (
				en,
			);
			mainGroup = 8D7B58B914624A5200D2AD9F;
			productRefGroup = 8D7B58C514624A5300D2AD9F /* Products */;
			projectDirPath = "";
			projectRoot = "";
			targets = (
				8D7B58C314624A5300D2AD9F /* Hello World */,
				8D7B58E714624A5400D2AD9F /* Hello WorldTests */,
			);
		};
/* End PBXProject section */

/* Begin PBXResourcesBuildPhase section */
		8D7B58C214624A5300D2AD9F /* Resources */ = {
			isa = PBXResourcesBuildPhase;
			buildActionMask = 2147483647;
			files = (
				8D7B58D314624A5300D2AD9F /* InfoPlist.strings in Resources */,
				8D7B58DC14624A5400D2AD9F /* MainStoryboard_iPhone.storyboard in Resources */,
				8D7B58DF14624A5400D2AD9F /* MainStoryboard_iPad.storyboard in Resources */,
			);
			runOnlyForDeploymentPostprocessing = 0;
		};
		8D7B58E514624A5400D2AD9F /* Resources */ = {
			isa = PBXResourcesBuildPhase;
			buildActionMask = 2147483647;
			files = (
				8D7B58F414624A5400D2AD9F /* InfoPlist.strings in Resources */,
			);
			runOnlyForDeploymentPostprocessing = 0;
		};
/* End PBXResourcesBuildPhase section */

/* Begin PBXShellScriptBuildPhase section */
		8D7B58E614624A5400D2AD9F /* ShellScript */ = {
			isa = PBXShellScriptBuildPhase;
			buildActionMask = 2147483647;
			files = (
			);
			inputPaths = (
			);
			outputPaths = (
			);
			runOnlyForDeploymentPostprocessing = 0;
			shellPath = /bin/sh;
			shellScript = "# Run the unit tests in this test bundle.\n\"${SYSTEM_DEVELOPER_DIR}/Tools/RunUnitTests\"\n";
		};
/* End PBXShellScriptBuildPhase section */

/* Begin PBXSourcesBuildPhase section */
		8D7B58C014624A5300D2AD9F /* Sources */ = {
			isa = PBXSourcesBuildPhase;
			buildActionMask = 2147483647;
			files = (
				8D7B58D514624A5300D2AD9F /* main.m in Sources */,
				8D7B58D914624A5300D2AD9F /* AppDelegate.m in Sources */,
				8D7B58E214624A5400D2AD9F /* ViewController.m in Sources */,
			);
			runOnlyForDeploymentPostprocessing = 0;
		};
		8D7B58E314624A5400D2AD9F /* Sources */ = {
			isa = PBXSourcesBuildPhase;
			buildActionMask = 2147483647;
			files = (
				8D7B58F714624A5400D2AD9F /* Hello_WorldTests.m in Sources */,
			);
			runOnlyForDeploymentPostprocessing = 0;
		};
/* End PBXSourcesBuildPhase section */

/* Begin PBXTargetDependency section */
		8D7B58EE14624A5400D2AD9F /* PBXTargetDependency */ = {
			isa = PBXTargetDependency;
			target = 8D7B58C314624A5300D2AD9F /* Hello World */;
			targetProxy = 8D7B58ED14624A5400D2AD9F /* PBXContainerItemProxy */;
		};
/* End PBXTargetDependency section */

/* Begin PBXVariantGroup section */
		8D7B58D114624A5300D2AD9F /* InfoPlist.strings */ = {
			isa = PBXVariantGroup;
			children = (
				8D7B58D214624A5300D2AD9F /* en */,
			);
			name = InfoPlist.strings;
			sourceTree = "<group>";
		};
		8D7B58DA14624A5400D2AD9F /* MainStoryboard_iPhone.storyboard */ = {
			isa = PBXVariantGroup;
			children = (
				8D7B58DB14624A5400D2AD9F /* en */,
			);
			name = MainStoryboard_iPhone.storyboard;
			sourceTree = "<group>";
		};
		8D7B58DD14624A5400D2AD9F /* MainStoryboard_iPad.storyboard */ = {
			isa = PBXVariantGroup;
			children = (
				8D7B58DE14624A5400D2AD9F /* en */,
			);
			name = MainStoryboard_iPad.storyboard;
			sourceTree = "<group>";
		};
		8D7B58F214624A5400D2AD9F /* InfoPlist.strings */ = {
			isa = PBXVariantGroup;
			children = (
				8D7B58F314624A5400D2AD9F /* en */,
			);
			name = InfoPlist.strings;
			sourceTree = "<group>";
		};
/* End PBXVariantGroup section */

/* Begin XCBuildConfiguration section */
		8D7B58F814624A5400D2AD9F /* Debug */ = {
			isa = XCBuildConfiguration;
			buildSettings = {
				ALWAYS_SEARCH_USER_PATHS = NO;
				ARCHS = "$(ARCHS_STANDARD_32_BIT)";
				CLANG_ENABLE_OBJC_ARC = YES;
				"CODE_SIGN_IDENTITY[sdk=iphoneos*]" = "iPhone Developer";
				COPY_PHASE_STRIP = NO;
				GCC_C_LANGUAGE_STANDARD = gnu99;
				GCC_DYNAMIC_NO_PIC = NO;
				GCC_OPTIMIZATION_LEVEL = 0;
				GCC_PREPROCESSOR_DEFINITIONS = (
					"DEBUG=1",
					"$(inherited)",
				);
				GCC_SYMBOLS_PRIVATE_EXTERN = NO;
				GCC_VERSION = com.apple.compilers.llvm.clang.1_0;
				GCC_WARN_ABOUT_MISSING_PROTOTYPES = YES;
				GCC_WARN_ABOUT_RETURN_TYPE = YES;
				GCC_WARN_UNUSED_VARIABLE = YES;
				IPHONEOS_DEPLOYMENT_TARGET = 5.0;
				SDKROOT = iphoneos;
				TARGETED_DEVICE_FAMILY = "1,2";
			};
			name = Debug;
		};
		8D7B58F914624A5400D2AD9F /* Release */ = {
			isa = XCBuildConfiguration;
			buildSettings = {
				ALWAYS_SEARCH_USER_PATHS = NO;
				ARCHS = "$(ARCHS_STANDARD_32_BIT)";
				CLANG_ENABLE_OBJC_ARC = YES;
				"CODE_SIGN_IDENTITY[sdk=iphoneos*]" = "iPhone Developer";
				COPY_PHASE_STRIP = YES;
				GCC_C_LANGUAGE_STANDARD = gnu99;
				GCC_VERSION = com.apple.compilers.llvm.clang.1_0;
				GCC_WARN_ABOUT_MISSING_PROTOTYPES = YES;
				GCC_WARN_ABOUT_RETURN_TYPE = YES;
				GCC_WARN_UNUSED_VARIABLE = YES;
				IPHONEOS_DEPLOYMENT_TARGET = 5.0;
				OTHER_CFLAGS = "-DNS_BLOCK_ASSERTIONS=1";
				SDKROOT = iphoneos;
				TARGETED_DEVICE_FAMILY = "1,2";
				VALIDATE_PRODUCT = YES;
			};
			name = Release;
		};
		8D7B58FB14624A5400D2AD9F /* Debug */ = {
			isa = XCBuildConfiguration;
			buildSettings = {
				GCC_PRECOMPILE_PREFIX_HEADER = YES;
				GCC_PREFIX_HEADER = "Hello World/Hello World-Prefix.pch";
				INFOPLIST_FILE = "Hello World/Hello World-Info.plist";
				PRODUCT_NAME = "$(TARGET_NAME)";
				WRAPPER_EXTENSION = app;
			};
			name = Debug;
		};
		8D7B58FC14624A5400D2AD9F /* Release */ = {
			isa = XCBuildConfiguration;
			buildSettings = {
				GCC_PRECOMPILE_PREFIX_HEADER = YES;
				GCC_PREFIX_HEADER = "Hello World/Hello World-Prefix.pch";
				INFOPLIST_FILE = "Hello World/Hello World-Info.plist";
				PRODUCT_NAME = "$(TARGET_NAME)";
				WRAPPER_EXTENSION = app;
			};
			name = Release;
		};
		8D7B58FE14624A5400D2AD9F /* Debug */ = {
			isa = XCBuildConfiguration;
			buildSettings = {
				BUNDLE_LOADER = "$(BUILT_PRODUCTS_DIR)/Hello World.app/Hello World";
				FRAMEWORK_SEARCH_PATHS = (
					"$(SDKROOT)/Developer/Library/Frameworks",
					"$(DEVELOPER_LIBRARY_DIR)/Frameworks",
				);
				GCC_PRECOMPILE_PREFIX_HEADER = YES;
				GCC_PREFIX_HEADER = "Hello World/Hello World-Prefix.pch";
				INFOPLIST_FILE = "Hello WorldTests/Hello WorldTests-Info.plist";
				PRODUCT_NAME = "$(TARGET_NAME)";
				TEST_HOST = "$(BUNDLE_LOADER)";
				WRAPPER_EXTENSION = octest;
			};
			name = Debug;
		};
		8D7B58FF14624A5400D2AD9F /* Release */ = {
			isa = XCBuildConfiguration;
			buildSettings = {
				BUNDLE_LOADER = "$(BUILT_PRODUCTS_DIR)/Hello World.app/Hello World";
				FRAMEWORK_SEARCH_PATHS = (
					"$(SDKROOT)/Developer/Library/Frameworks",
					"$(DEVELOPER_LIBRARY_DIR)/Frameworks",
				);
				GCC_PRECOMPILE_PREFIX_HEADER = YES;
				GCC_PREFIX_HEADER = "Hello World/Hello World-Prefix.pch";
				INFOPLIST_FILE = "Hello WorldTests/Hello WorldTests-Info.plist";
				PRODUCT_NAME = "$(TARGET_NAME)";
				TEST_HOST = "$(BUNDLE_LOADER)";
				WRAPPER_EXTENSION = octest;
			};
			name = Release;
		};
/* End XCBuildConfiguration section */

/* Begin XCConfigurationList section */
		8D7B58BE14624A5300D2AD9F /* Build configuration list for PBXProject "Hello World" */ = {
			isa = XCConfigurationList;
			buildConfigurations = (
				8D7B58F814624A5400D2AD9F /* Debug */,
				8D7B58F914624A5400D2AD9F /* Release */,
			);
			defaultConfigurationIsVisible = 0;
			defaultConfigurationName = Release;
		};
		8D7B58FA14624A5400D2AD9F /* Build configuration list for PBXNativeTarget "Hello World" */ = {
			isa = XCConfigurationList;
			buildConfigurations = (
				8D7B58FB14624A5400D2AD9F /* Debug */,
				8D7B58FC14624A5400D2AD9F /* Release */,
			);
			defaultConfigurationIsVisible = 0;
		};
		8D7B58FD14624A5400D2AD9F /* Build configuration list for PBXNativeTarget "Hello WorldTests" */ = {
			isa = XCConfigurationList;
			buildConfigurations = (
				8D7B58FE14624A5400D2AD9F /* Debug */,
				8D7B58FF14624A5400D2AD9F /* Release */,
			);
			defaultConfigurationIsVisible = 0;
		};
/* End XCConfigurationList section */
	};
	rootObject = 8D7B58BB14624A5300D2AD9F /* Project object */;
}
